
Microsoft Visual Studio Solution File, Format Version 12.00
# Visual Studio Version 17
VisualStudioVersion = 17.11.35219.272
MinimumVisualStudioVersion = 10.0.40219.1
Project("{888888A0-9F3D-457C-B088-3A5042F75D52}") = "poke3tuyoi", "poke3tuyoi\poke3tuyoi.pyproj", "{B25C7BE5-3F36-439F-B368-A4948AE4DA33}"
EndProject
Global
	GlobalSection(SolutionConfigurationPlatforms) = preSolution
		Debug|Any CPU = Debug|Any CPU
		Release|Any CPU = Release|Any CPU
	EndGlobalSection
	GlobalSection(ProjectConfigurationPlatforms) = postSolution
		{B25C7BE5-3F36-439F-B368-A4948AE4DA33}.Debug|Any CPU.ActiveCfg = Debug|Any CPU
		{B25C7BE5-3F36-439F-B368-A4948AE4DA33}.Release|Any CPU.ActiveCfg = Release|Any CPU
	EndGlobalSection
	GlobalSection(SolutionProperties) = preSolution
		HideSolutionNode = FALSE
	EndGlobalSection
	GlobalSection(ExtensibilityGlobals) = postSolution
		SolutionGuid = {4A771BC0-B607-4652-8674-24962395EF9D}
	EndGlobalSection
EndGlobal
