
Microsoft Visual Studio Solution File, Format Version 12.00
# Visual Studio Version 17
VisualStudioVersion = 17.11.35219.272
MinimumVisualStudioVersion = 10.0.40219.1
Project("{888888A0-9F3D-457C-B088-3A5042F75D52}") = "poke tabun seikaku", "poke tabun seikaku\poke tabun seikaku.pyproj", "{15DCB4A8-C628-4E80-B237-99944CB6DEE1}"
EndProject
Global
	GlobalSection(SolutionConfigurationPlatforms) = preSolution
		Debug|Any CPU = Debug|Any CPU
		Release|Any CPU = Release|Any CPU
	EndGlobalSection
	GlobalSection(ProjectConfigurationPlatforms) = postSolution
		{15DCB4A8-C628-4E80-B237-99944CB6DEE1}.Debug|Any CPU.ActiveCfg = Debug|Any CPU
		{15DCB4A8-C628-4E80-B237-99944CB6DEE1}.Release|Any CPU.ActiveCfg = Release|Any CPU
	EndGlobalSection
	GlobalSection(SolutionProperties) = preSolution
		HideSolutionNode = FALSE
	EndGlobalSection
	GlobalSection(ExtensibilityGlobals) = postSolution
		SolutionGuid = {EA518AAA-252E-4AF8-BF69-C9F13BC53A5E}
	EndGlobalSection
EndGlobal
